
Microsoft Visual Studio Solution File, Format Version 12.00
# Visual Studio Version 17
VisualStudioVersion = 17.3.32929.385
MinimumVisualStudioVersion = 10.0.40219.1
Project("{8BC9CEB8-8B4A-11D0-8D11-00A0C91BC942}") = "备忘录模式", "备忘录模式.vcxproj", "{81DD8C78-2785-4FB8-8237-81627D1BDD75}"
EndProject
Global
	GlobalSection(SolutionConfigurationPlatforms) = preSolution
		Debug|x64 = Debug|x64
		Debug|x86 = Debug|x86
		Release|x64 = Release|x64
		Release|x86 = Release|x86
	EndGlobalSection
	GlobalSection(ProjectConfigurationPlatforms) = postSolution
		{81DD8C78-2785-4FB8-8237-81627D1BDD75}.Debug|x64.ActiveCfg = Debug|x64
		{81DD8C78-2785-4FB8-8237-81627D1BDD75}.Debug|x64.Build.0 = Debug|x64
		{81DD8C78-2785-4FB8-8237-81627D1BDD75}.Debug|x86.ActiveCfg = Debug|Win32
		{81DD8C78-2785-4FB8-8237-81627D1BDD75}.Debug|x86.Build.0 = Debug|Win32
		{81DD8C78-2785-4FB8-8237-81627D1BDD75}.Release|x64.ActiveCfg = Release|x64
		{81DD8C78-2785-4FB8-8237-81627D1BDD75}.Release|x64.Build.0 = Release|x64
		{81DD8C78-2785-4FB8-8237-81627D1BDD75}.Release|x86.ActiveCfg = Release|Win32
		{81DD8C78-2785-4FB8-8237-81627D1BDD75}.Release|x86.Build.0 = Release|Win32
	EndGlobalSection
	GlobalSection(SolutionProperties) = preSolution
		HideSolutionNode = FALSE
	EndGlobalSection
	GlobalSection(ExtensibilityGlobals) = postSolution
		SolutionGuid = {E55DD193-972C-4910-BFB6-95E4A0BA76EA}
	EndGlobalSection
EndGlobal
